
Microsoft Visual Studio Solution File, Format Version 12.00
# Visual Studio 14
VisualStudioVersion = 14.0.25420.1
MinimumVisualStudioVersion = 10.0.40219.1
Project("{FAE04EC0-301F-11D3-BF4B-00C04F79EFBC}") = "trakstar-gui", "trakstar-gui\trakstar-gui.csproj", "{9DA07BB6-5DBE-468B-99FE-E211E23CE1E6}"
EndProject
Project("{FAE04EC0-301F-11D3-BF4B-00C04F79EFBC}") = "trakstar-interface", "trakstar-interface\trakstar-interface.csproj", "{69DA6915-1582-43A5-8778-DC546158CA5A}"
EndProject
Global
	GlobalSection(SolutionConfigurationPlatforms) = preSolution
		Debug|Any CPU = Debug|Any CPU
		Release|Any CPU = Release|Any CPU
	EndGlobalSection
	GlobalSection(ProjectConfigurationPlatforms) = postSolution
		{9DA07BB6-5DBE-468B-99FE-E211E23CE1E6}.Debug|Any CPU.ActiveCfg = Debug|Any CPU
		{9DA07BB6-5DBE-468B-99FE-E211E23CE1E6}.Debug|Any CPU.Build.0 = Debug|Any CPU
		{9DA07BB6-5DBE-468B-99FE-E211E23CE1E6}.Release|Any CPU.ActiveCfg = Release|Any CPU
		{9DA07BB6-5DBE-468B-99FE-E211E23CE1E6}.Release|Any CPU.Build.0 = Release|Any CPU
		{69DA6915-1582-43A5-8778-DC546158CA5A}.Debug|Any CPU.ActiveCfg = Debug|Any CPU
		{69DA6915-1582-43A5-8778-DC546158CA5A}.Debug|Any CPU.Build.0 = Debug|Any CPU
		{69DA6915-1582-43A5-8778-DC546158CA5A}.Release|Any CPU.ActiveCfg = Release|Any CPU
		{69DA6915-1582-43A5-8778-DC546158CA5A}.Release|Any CPU.Build.0 = Release|Any CPU
	EndGlobalSection
	GlobalSection(SolutionProperties) = preSolution
		HideSolutionNode = FALSE
	EndGlobalSection
EndGlobal
